
Microsoft Visual Studio Solution File, Format Version 12.00
# Visual Studio Version 16
VisualStudioVersion = 16.0.33423.256
MinimumVisualStudioVersion = 10.0.40219.1
Project("{FAE04EC0-301F-11D3-BF4B-00C04F79EFBC}") = "dz_5.04", "dz_5.04\dz_5.04.csproj", "{8B848684-24BD-442B-9413-919D26CF53F6}"
EndProject
Global
	GlobalSection(SolutionConfigurationPlatforms) = preSolution
		Debug|Any CPU = Debug|Any CPU
		Release|Any CPU = Release|Any CPU
	EndGlobalSection
	GlobalSection(ProjectConfigurationPlatforms) = postSolution
		{8B848684-24BD-442B-9413-919D26CF53F6}.Debug|Any CPU.ActiveCfg = Debug|Any CPU
		{8B848684-24BD-442B-9413-919D26CF53F6}.Debug|Any CPU.Build.0 = Debug|Any CPU
		{8B848684-24BD-442B-9413-919D26CF53F6}.Release|Any CPU.ActiveCfg = Release|Any CPU
		{8B848684-24BD-442B-9413-919D26CF53F6}.Release|Any CPU.Build.0 = Release|Any CPU
	EndGlobalSection
	GlobalSection(SolutionProperties) = preSolution
		HideSolutionNode = FALSE
	EndGlobalSection
	GlobalSection(ExtensibilityGlobals) = postSolution
		SolutionGuid = {3F449D09-9AA5-4EC4-B22A-05B192B812FB}
	EndGlobalSection
EndGlobal
